
Microsoft Visual Studio Solution File, Format Version 12.00
# Visual Studio Version 17
VisualStudioVersion = 17.5.002.0
MinimumVisualStudioVersion = 10.0.40219.1
Project("{9A19103F-16F7-4668-BE54-9A1E7A4F7556}") = "Semana5", "Semana5\Semana5.csproj", "{9AE3303B-1F6D-4053-8223-9198E699EE69}"
EndProject
Project("{FAE04EC0-301F-11D3-BF4B-00C04F79EFBC}") = "Ejercicio2", "Ejercicio2\Ejercicio2.csproj", "{F77E5139-E07D-46D0-A9F0-7C7DF3763399}"
EndProject
Project("{FAE04EC0-301F-11D3-BF4B-00C04F79EFBC}") = "ejercicio3", "ejercicio3\ejercicio3.csproj", "{17624D12-8705-472A-A43B-817C682D3D7A}"
EndProject
Project("{FAE04EC0-301F-11D3-BF4B-00C04F79EFBC}") = "ejercicio4", "ejercicio4\ejercicio4.csproj", "{16653854-02D1-482B-B9F3-F8F6CD56589B}"
EndProject
Project("{FAE04EC0-301F-11D3-BF4B-00C04F79EFBC}") = "ejercicio5", "ejercicio5\ejercicio5.csproj", "{938969E6-CB71-4475-B44F-DEE475F19189}"
EndProject
Project("{FAE04EC0-301F-11D3-BF4B-00C04F79EFBC}") = "Semana_6_ejercicio_1", "Semana_6_ejercicio_1\Semana_6_ejercicio_1.csproj", "{D392896F-CDAB-4F2E-A925-EFA57B6D671B}"
EndProject
Project("{FAE04EC0-301F-11D3-BF4B-00C04F79EFBC}") = "semana_6_ejercicio_2", "semana_6_ejercicio_2\semana_6_ejercicio_2.csproj", "{0C6F74A5-DBAB-416A-89B6-5D3127B4688C}"
EndProject
Global
	GlobalSection(SolutionConfigurationPlatforms) = preSolution
		Debug|Any CPU = Debug|Any CPU
		Release|Any CPU = Release|Any CPU
	EndGlobalSection
	GlobalSection(ProjectConfigurationPlatforms) = postSolution
		{9AE3303B-1F6D-4053-8223-9198E699EE69}.Debug|Any CPU.ActiveCfg = Debug|Any CPU
		{9AE3303B-1F6D-4053-8223-9198E699EE69}.Debug|Any CPU.Build.0 = Debug|Any CPU
		{9AE3303B-1F6D-4053-8223-9198E699EE69}.Release|Any CPU.ActiveCfg = Release|Any CPU
		{9AE3303B-1F6D-4053-8223-9198E699EE69}.Release|Any CPU.Build.0 = Release|Any CPU
		{F77E5139-E07D-46D0-A9F0-7C7DF3763399}.Debug|Any CPU.ActiveCfg = Debug|Any CPU
		{F77E5139-E07D-46D0-A9F0-7C7DF3763399}.Debug|Any CPU.Build.0 = Debug|Any CPU
		{F77E5139-E07D-46D0-A9F0-7C7DF3763399}.Release|Any CPU.ActiveCfg = Release|Any CPU
		{F77E5139-E07D-46D0-A9F0-7C7DF3763399}.Release|Any CPU.Build.0 = Release|Any CPU
		{17624D12-8705-472A-A43B-817C682D3D7A}.Debug|Any CPU.ActiveCfg = Debug|Any CPU
		{17624D12-8705-472A-A43B-817C682D3D7A}.Debug|Any CPU.Build.0 = Debug|Any CPU
		{17624D12-8705-472A-A43B-817C682D3D7A}.Release|Any CPU.ActiveCfg = Release|Any CPU
		{17624D12-8705-472A-A43B-817C682D3D7A}.Release|Any CPU.Build.0 = Release|Any CPU
		{16653854-02D1-482B-B9F3-F8F6CD56589B}.Debug|Any CPU.ActiveCfg = Debug|Any CPU
		{16653854-02D1-482B-B9F3-F8F6CD56589B}.Debug|Any CPU.Build.0 = Debug|Any CPU
		{16653854-02D1-482B-B9F3-F8F6CD56589B}.Release|Any CPU.ActiveCfg = Release|Any CPU
		{16653854-02D1-482B-B9F3-F8F6CD56589B}.Release|Any CPU.Build.0 = Release|Any CPU
		{938969E6-CB71-4475-B44F-DEE475F19189}.Debug|Any CPU.ActiveCfg = Debug|Any CPU
		{938969E6-CB71-4475-B44F-DEE475F19189}.Debug|Any CPU.Build.0 = Debug|Any CPU
		{938969E6-CB71-4475-B44F-DEE475F19189}.Release|Any CPU.ActiveCfg = Release|Any CPU
		{938969E6-CB71-4475-B44F-DEE475F19189}.Release|Any CPU.Build.0 = Release|Any CPU
		{D392896F-CDAB-4F2E-A925-EFA57B6D671B}.Debug|Any CPU.ActiveCfg = Debug|Any CPU
		{D392896F-CDAB-4F2E-A925-EFA57B6D671B}.Debug|Any CPU.Build.0 = Debug|Any CPU
		{D392896F-CDAB-4F2E-A925-EFA57B6D671B}.Release|Any CPU.ActiveCfg = Release|Any CPU
		{D392896F-CDAB-4F2E-A925-EFA57B6D671B}.Release|Any CPU.Build.0 = Release|Any CPU
		{0C6F74A5-DBAB-416A-89B6-5D3127B4688C}.Debug|Any CPU.ActiveCfg = Debug|Any CPU
		{0C6F74A5-DBAB-416A-89B6-5D3127B4688C}.Debug|Any CPU.Build.0 = Debug|Any CPU
		{0C6F74A5-DBAB-416A-89B6-5D3127B4688C}.Release|Any CPU.ActiveCfg = Release|Any CPU
		{0C6F74A5-DBAB-416A-89B6-5D3127B4688C}.Release|Any CPU.Build.0 = Release|Any CPU
	EndGlobalSection
	GlobalSection(SolutionProperties) = preSolution
		HideSolutionNode = FALSE
	EndGlobalSection
	GlobalSection(ExtensibilityGlobals) = postSolution
		SolutionGuid = {E1AAC566-9D88-494F-9AA1-CD23DF124AB8}
	EndGlobalSection
EndGlobal
